
Microsoft Visual Studio Solution File, Format Version 12.00
# Visual Studio 15
VisualStudioVersion = 15.0.26730.12
MinimumVisualStudioVersion = 10.0.40219.1
Project("{FAE04EC0-301F-11D3-BF4B-00C04F79EFBC}") = "CheapWow", "CheapWow\CheapWow.csproj", "{52CA27B1-7560-41F5-B45A-F49A50A783AB}"
EndProject
Project("{FAE04EC0-301F-11D3-BF4B-00C04F79EFBC}") = "CheapWowTests", "CheapWowTests\CheapWowTests.csproj", "{2F70B973-95FE-4A8E-B54D-518C4E323D54}"
EndProject
Global
	GlobalSection(SolutionConfigurationPlatforms) = preSolution
		Debug|Any CPU = Debug|Any CPU
		Release|Any CPU = Release|Any CPU
	EndGlobalSection
	GlobalSection(ProjectConfigurationPlatforms) = postSolution
		{52CA27B1-7560-41F5-B45A-F49A50A783AB}.Debug|Any CPU.ActiveCfg = Debug|Any CPU
		{52CA27B1-7560-41F5-B45A-F49A50A783AB}.Debug|Any CPU.Build.0 = Debug|Any CPU
		{52CA27B1-7560-41F5-B45A-F49A50A783AB}.Release|Any CPU.ActiveCfg = Release|Any CPU
		{52CA27B1-7560-41F5-B45A-F49A50A783AB}.Release|Any CPU.Build.0 = Release|Any CPU
		{2F70B973-95FE-4A8E-B54D-518C4E323D54}.Debug|Any CPU.ActiveCfg = Debug|Any CPU
		{2F70B973-95FE-4A8E-B54D-518C4E323D54}.Debug|Any CPU.Build.0 = Debug|Any CPU
		{2F70B973-95FE-4A8E-B54D-518C4E323D54}.Release|Any CPU.ActiveCfg = Release|Any CPU
		{2F70B973-95FE-4A8E-B54D-518C4E323D54}.Release|Any CPU.Build.0 = Release|Any CPU
	EndGlobalSection
	GlobalSection(SolutionProperties) = preSolution
		HideSolutionNode = FALSE
	EndGlobalSection
	GlobalSection(ExtensibilityGlobals) = postSolution
		SolutionGuid = {B9ADEF92-9590-4305-B675-E149C20AB7F1}
	EndGlobalSection
EndGlobal
