
Microsoft Visual Studio Solution File, Format Version 12.00
# Visual Studio 15
VisualStudioVersion = 15.0.27703.2000
MinimumVisualStudioVersion = 10.0.40219.1
Project("{FAE04EC0-301F-11D3-BF4B-00C04F79EFBC}") = "TddAppTests", "TddAppTests\TddAppTests.csproj", "{04B46934-8ED2-49C9-9868-2AC5CE1D8143}"
EndProject
Project("{FAE04EC0-301F-11D3-BF4B-00C04F79EFBC}") = "TddApp", "TddApp\TddApp.csproj", "{2515CF7E-DE72-4368-93AC-644C2D735982}"
EndProject
Global
	GlobalSection(SolutionConfigurationPlatforms) = preSolution
		Debug|Any CPU = Debug|Any CPU
		Release|Any CPU = Release|Any CPU
	EndGlobalSection
	GlobalSection(ProjectConfigurationPlatforms) = postSolution
		{04B46934-8ED2-49C9-9868-2AC5CE1D8143}.Debug|Any CPU.ActiveCfg = Debug|Any CPU
		{04B46934-8ED2-49C9-9868-2AC5CE1D8143}.Debug|Any CPU.Build.0 = Debug|Any CPU
		{04B46934-8ED2-49C9-9868-2AC5CE1D8143}.Release|Any CPU.ActiveCfg = Release|Any CPU
		{04B46934-8ED2-49C9-9868-2AC5CE1D8143}.Release|Any CPU.Build.0 = Release|Any CPU
		{2515CF7E-DE72-4368-93AC-644C2D735982}.Debug|Any CPU.ActiveCfg = Debug|Any CPU
		{2515CF7E-DE72-4368-93AC-644C2D735982}.Debug|Any CPU.Build.0 = Debug|Any CPU
		{2515CF7E-DE72-4368-93AC-644C2D735982}.Release|Any CPU.ActiveCfg = Release|Any CPU
		{2515CF7E-DE72-4368-93AC-644C2D735982}.Release|Any CPU.Build.0 = Release|Any CPU
	EndGlobalSection
	GlobalSection(SolutionProperties) = preSolution
		HideSolutionNode = FALSE
	EndGlobalSection
	GlobalSection(ExtensibilityGlobals) = postSolution
		SolutionGuid = {1B11DA29-E0F8-44D5-AEA1-5FC47C2F1869}
	EndGlobalSection
EndGlobal
