
Microsoft Visual Studio Solution File, Format Version 12.00
# Visual Studio 15
VisualStudioVersion = 15.0.26730.12
MinimumVisualStudioVersion = 10.0.40219.1
Project("{FAE04EC0-301F-11D3-BF4B-00C04F79EFBC}") = "Generics", "Generics\Generics.csproj", "{EDA69B88-33F4-4BD4-BB17-06F21EDFF6AF}"
EndProject
Global
	GlobalSection(SolutionConfigurationPlatforms) = preSolution
		Debug|Any CPU = Debug|Any CPU
		Release|Any CPU = Release|Any CPU
	EndGlobalSection
	GlobalSection(ProjectConfigurationPlatforms) = postSolution
		{EDA69B88-33F4-4BD4-BB17-06F21EDFF6AF}.Debug|Any CPU.ActiveCfg = Debug|Any CPU
		{EDA69B88-33F4-4BD4-BB17-06F21EDFF6AF}.Debug|Any CPU.Build.0 = Debug|Any CPU
		{EDA69B88-33F4-4BD4-BB17-06F21EDFF6AF}.Release|Any CPU.ActiveCfg = Release|Any CPU
		{EDA69B88-33F4-4BD4-BB17-06F21EDFF6AF}.Release|Any CPU.Build.0 = Release|Any CPU
	EndGlobalSection
	GlobalSection(SolutionProperties) = preSolution
		HideSolutionNode = FALSE
	EndGlobalSection
	GlobalSection(ExtensibilityGlobals) = postSolution
		SolutionGuid = {2CEFA837-433B-4CE2-B9A2-2BD24CA11682}
	EndGlobalSection
EndGlobal
