
Microsoft Visual Studio Solution File, Format Version 12.00
# Visual Studio 15
VisualStudioVersion = 15.0.26730.12
MinimumVisualStudioVersion = 10.0.40219.1
Project("{FAE04EC0-301F-11D3-BF4B-00C04F79EFBC}") = "RazorAndMvc", "RazorAndMvc\RazorAndMvc.csproj", "{563782C6-13E3-43AB-8FE2-33C0213CD517}"
EndProject
Global
	GlobalSection(SolutionConfigurationPlatforms) = preSolution
		Debug|Any CPU = Debug|Any CPU
		Release|Any CPU = Release|Any CPU
	EndGlobalSection
	GlobalSection(ProjectConfigurationPlatforms) = postSolution
		{563782C6-13E3-43AB-8FE2-33C0213CD517}.Debug|Any CPU.ActiveCfg = Debug|Any CPU
		{563782C6-13E3-43AB-8FE2-33C0213CD517}.Debug|Any CPU.Build.0 = Debug|Any CPU
		{563782C6-13E3-43AB-8FE2-33C0213CD517}.Release|Any CPU.ActiveCfg = Release|Any CPU
		{563782C6-13E3-43AB-8FE2-33C0213CD517}.Release|Any CPU.Build.0 = Release|Any CPU
	EndGlobalSection
	GlobalSection(SolutionProperties) = preSolution
		HideSolutionNode = FALSE
	EndGlobalSection
	GlobalSection(ExtensibilityGlobals) = postSolution
		SolutionGuid = {8BB72E3D-FB9F-415C-8783-207092EB08EC}
	EndGlobalSection
EndGlobal
